
Microsoft Visual Studio Solution File, Format Version 12.00
# Visual Studio 15
VisualStudioVersion = 15.0.28016.0
MinimumVisualStudioVersion = 10.0.40219.1
Project("{FAE04EC0-301F-11D3-BF4B-00C04F79EFBC}") = "CoffeeShop", "CoffeeShop\CoffeeShop.csproj", "{33F354D4-A0C2-4A3A-907C-2508AB760960}"
EndProject
Project("{54435603-DBB4-11D2-8724-00A0C9A8B90C}") = "CoffeeShopSetup", "CoffeeShopSetup\CoffeeShopSetup.vdproj", "{B71BCEE9-27C2-44DE-895F-35C2D1A1C68B}"
EndProject
Global
	GlobalSection(SolutionConfigurationPlatforms) = preSolution
		Debug|Any CPU = Debug|Any CPU
		Release|Any CPU = Release|Any CPU
	EndGlobalSection
	GlobalSection(ProjectConfigurationPlatforms) = postSolution
		{33F354D4-A0C2-4A3A-907C-2508AB760960}.Debug|Any CPU.ActiveCfg = Debug|Any CPU
		{33F354D4-A0C2-4A3A-907C-2508AB760960}.Debug|Any CPU.Build.0 = Debug|Any CPU
		{33F354D4-A0C2-4A3A-907C-2508AB760960}.Release|Any CPU.ActiveCfg = Release|Any CPU
		{33F354D4-A0C2-4A3A-907C-2508AB760960}.Release|Any CPU.Build.0 = Release|Any CPU
		{B71BCEE9-27C2-44DE-895F-35C2D1A1C68B}.Debug|Any CPU.ActiveCfg = Debug
		{B71BCEE9-27C2-44DE-895F-35C2D1A1C68B}.Release|Any CPU.ActiveCfg = Release
	EndGlobalSection
	GlobalSection(SolutionProperties) = preSolution
		HideSolutionNode = FALSE
	EndGlobalSection
	GlobalSection(ExtensibilityGlobals) = postSolution
		SolutionGuid = {95BDBF3F-C0F0-4E3E-9F03-DEFB6F3663F5}
	EndGlobalSection
EndGlobal
